{
  "originHash" : "fa13c555b43d8549bd884eff6ab04e424ff31a8edfe6eff4b05ff9f517bca0bc",
  "pins" : [
    {
      "identity" : "swift-collections",
      "kind" : "remoteSourceControl",
      "location" : "https://github.com/apple/swift-collections.git",
      "state" : {
        "revision" : "671108c96644956dddcd89dd59c203dcdb36cec7",
        "version" : "1.1.4"
      }
    },
    {
      "identity" : "swiftycache",
      "kind" : "remoteSourceControl",
      "location" : "https://github.com/codingiran/SwiftyCache.git",
      "state" : {
        "revision" : "9ce810e248944dff221014386fb63b24b61afe68",
        "version" : "1.0.1"
      }
    }
  ],
  "version" : 3
}
