{
  "originHash" : "4d242cea915684836ec5b941b9e07c37370cb00dc3350d46a459d6494d9cefbc",
  "pins" : [
    {
      "identity" : "swift-collections",
      "kind" : "remoteSourceControl",
      "location" : "https://github.com/apple/swift-collections.git",
      "state" : {
        "revision" : "c1805596154bb3a265fd91b8ac0c4433b4348fb0",
        "version" : "1.2.0"
      }
    },
    {
      "identity" : "swiftycache",
      "kind" : "remoteSourceControl",
      "location" : "https://github.com/codingiran/SwiftyCache.git",
      "state" : {
        "revision" : "d973d247e18e4f6f51593116e7c17f7cfd299cf3",
        "version" : "1.0.2"
      }
    }
  ],
  "version" : 3
}
